// !$*UTF8*$!
{
	archiveVersion = 1;
	classes = {
	};
	objectVersion = 56;
	objects = {

/* Begin PBXBuildFile section */
		1664A01C04514349AEBC1909 /* Pods_AuthModule_Redux.framework in Frameworks */ = {isa = PBXBuildFile; fileRef = 323110322FD2C9D20159D09B /* Pods_AuthModule_Redux.framework */; };
		B5A9B9FE29E529C300CB99B1 /* AppDelegate.swift in Sources */ = {isa = PBXBuildFile; fileRef = B5A9B9FD29E529C300CB99B1 /* AppDelegate.swift */; };
		B5A9BA0029E529C300CB99B1 /* SceneDelegate.swift in Sources */ = {isa = PBXBuildFile; fileRef = B5A9B9FF29E529C300CB99B1 /* SceneDelegate.swift */; };
		B5A9BA0229E529C300CB99B1 /* LoginViewController.swift in Sources */ = {isa = PBXBuildFile; fileRef = B5A9BA0129E529C300CB99B1 /* LoginViewController.swift */; };
		B5A9BA0529E529C300CB99B1 /* Main.storyboard in Resources */ = {isa = PBXBuildFile; fileRef = B5A9BA0329E529C300CB99B1 /* Main.storyboard */; };
		B5A9BA0729E529C800CB99B1 /* Assets.xcassets in Resources */ = {isa = PBXBuildFile; fileRef = B5A9BA0629E529C800CB99B1 /* Assets.xcassets */; };
		B5A9BA0A29E529C800CB99B1 /* LaunchScreen.storyboard in Resources */ = {isa = PBXBuildFile; fileRef = B5A9BA0829E529C800CB99B1 /* LaunchScreen.storyboard */; };
		B5A9BA1629E541B500CB99B1 /* LoginState.swift in Sources */ = {isa = PBXBuildFile; fileRef = B5A9BA1529E541B500CB99B1 /* LoginState.swift */; };
		B5A9BA1A29E5726100CB99B1 /* LoginReducer.swift in Sources */ = {isa = PBXBuildFile; fileRef = B5A9BA1929E5726100CB99B1 /* LoginReducer.swift */; };
		B5A9BA1C29E573AB00CB99B1 /* LoginAction.swift in Sources */ = {isa = PBXBuildFile; fileRef = B5A9BA1B29E573AB00CB99B1 /* LoginAction.swift */; };
		B5A9BA2A29E578DE00CB99B1 /* BaseController.swift in Sources */ = {isa = PBXBuildFile; fileRef = B5A9BA2629E578DE00CB99B1 /* BaseController.swift */; };
		B5A9BA2B29E578DE00CB99B1 /* CSTextField.swift in Sources */ = {isa = PBXBuildFile; fileRef = B5A9BA2729E578DE00CB99B1 /* CSTextField.swift */; };
		B5A9BA2C29E578DE00CB99B1 /* CSBaseButton.swift in Sources */ = {isa = PBXBuildFile; fileRef = B5A9BA2829E578DE00CB99B1 /* CSBaseButton.swift */; };
		B5A9BA2D29E578DE00CB99B1 /* BaseView.swift in Sources */ = {isa = PBXBuildFile; fileRef = B5A9BA2929E578DE00CB99B1 /* BaseView.swift */; };
		B5A9BA3529E578FD00CB99B1 /* Resources.swift in Sources */ = {isa = PBXBuildFile; fileRef = B5A9BA2F29E578FD00CB99B1 /* Resources.swift */; };
		B5A9BA3729E578FD00CB99B1 /* UIColor+Ext.swift in Sources */ = {isa = PBXBuildFile; fileRef = B5A9BA3329E578FD00CB99B1 /* UIColor+Ext.swift */; };
		B5A9BA3829E578FD00CB99B1 /* UIView+Ext.swift in Sources */ = {isa = PBXBuildFile; fileRef = B5A9BA3429E578FD00CB99B1 /* UIView+Ext.swift */; };
		B5A9BA3E29E57EA200CB99B1 /* CSAuthorizationView.swift in Sources */ = {isa = PBXBuildFile; fileRef = B5A9BA3D29E57EA200CB99B1 /* CSAuthorizationView.swift */; };
		B5A9BA4029E5819300CB99B1 /* NetworkWorker.swift in Sources */ = {isa = PBXBuildFile; fileRef = B5A9BA3F29E5819300CB99B1 /* NetworkWorker.swift */; };
		B5E1CF3B2A1FBF35002243A1 /* AppState.swift in Sources */ = {isa = PBXBuildFile; fileRef = B5E1CF3A2A1FBF35002243A1 /* AppState.swift */; };
		B5E1CF3D2A1FBFA8002243A1 /* AppRouter.swift in Sources */ = {isa = PBXBuildFile; fileRef = B5E1CF3C2A1FBFA8002243A1 /* AppRouter.swift */; };
		B5E1CF3F2A1FC022002243A1 /* RoutingState.swift in Sources */ = {isa = PBXBuildFile; fileRef = B5E1CF3E2A1FC022002243A1 /* RoutingState.swift */; };
		B5E1CF412A1FC337002243A1 /* AppReducer.swift in Sources */ = {isa = PBXBuildFile; fileRef = B5E1CF402A1FC337002243A1 /* AppReducer.swift */; };
		B5E1CF432A1FC40F002243A1 /* RoutingReducer.swift in Sources */ = {isa = PBXBuildFile; fileRef = B5E1CF422A1FC40F002243A1 /* RoutingReducer.swift */; };
		B5E1CF452A1FC45B002243A1 /* RoutingAction.swift in Sources */ = {isa = PBXBuildFile; fileRef = B5E1CF442A1FC45B002243A1 /* RoutingAction.swift */; };
		B5E1CF4B2A1FF50F002243A1 /* UserInfoViewController.swift in Sources */ = {isa = PBXBuildFile; fileRef = B5E1CF4A2A1FF50F002243A1 /* UserInfoViewController.swift */; };
		B5E1CF4D2A1FF5F9002243A1 /* UserInfoState.swift in Sources */ = {isa = PBXBuildFile; fileRef = B5E1CF4C2A1FF5F9002243A1 /* UserInfoState.swift */; };
		B5E1CF4F2A20989B002243A1 /* UserInfoReducer.swift in Sources */ = {isa = PBXBuildFile; fileRef = B5E1CF4E2A20989B002243A1 /* UserInfoReducer.swift */; };
		B5E1CF512A20A325002243A1 /* UserInfoAction.swift in Sources */ = {isa = PBXBuildFile; fileRef = B5E1CF502A20A325002243A1 /* UserInfoAction.swift */; };
/* End PBXBuildFile section */

/* Begin PBXFileReference section */
		169B2936252DF0198317575D /* Pods-AuthModule-Redux.debug.xcconfig */ = {isa = PBXFileReference; includeInIndex = 1; lastKnownFileType = text.xcconfig; name = "Pods-AuthModule-Redux.debug.xcconfig"; path = "Target Support Files/Pods-AuthModule-Redux/Pods-AuthModule-Redux.debug.xcconfig"; sourceTree = "<group>"; };
		323110322FD2C9D20159D09B /* Pods_AuthModule_Redux.framework */ = {isa = PBXFileReference; explicitFileType = wrapper.framework; includeInIndex = 0; path = Pods_AuthModule_Redux.framework; sourceTree = BUILT_PRODUCTS_DIR; };
		B5A9B9FA29E529C300CB99B1 /* AuthModule-Redux.app */ = {isa = PBXFileReference; explicitFileType = wrapper.application; includeInIndex = 0; path = "AuthModule-Redux.app"; sourceTree = BUILT_PRODUCTS_DIR; };
		B5A9B9FD29E529C300CB99B1 /* AppDelegate.swift */ = {isa = PBXFileReference; lastKnownFileType = sourcecode.swift; path = AppDelegate.swift; sourceTree = "<group>"; };
		B5A9B9FF29E529C300CB99B1 /* SceneDelegate.swift */ = {isa = PBXFileReference; lastKnownFileType = sourcecode.swift; path = SceneDelegate.swift; sourceTree = "<group>"; };
		B5A9BA0129E529C300CB99B1 /* LoginViewController.swift */ = {isa = PBXFileReference; lastKnownFileType = sourcecode.swift; path = LoginViewController.swift; sourceTree = "<group>"; };
		B5A9BA0429E529C300CB99B1 /* Base */ = {isa = PBXFileReference; lastKnownFileType = file.storyboard; name = Base; path = Base.lproj/Main.storyboard; sourceTree = "<group>"; };
		B5A9BA0629E529C800CB99B1 /* Assets.xcassets */ = {isa = PBXFileReference; lastKnownFileType = folder.assetcatalog; path = Assets.xcassets; sourceTree = "<group>"; };
		B5A9BA0929E529C800CB99B1 /* Base */ = {isa = PBXFileReference; lastKnownFileType = file.storyboard; name = Base; path = Base.lproj/LaunchScreen.storyboard; sourceTree = "<group>"; };
		B5A9BA0B29E529C800CB99B1 /* Info.plist */ = {isa = PBXFileReference; lastKnownFileType = text.plist.xml; path = Info.plist; sourceTree = "<group>"; };
		B5A9BA1529E541B500CB99B1 /* LoginState.swift */ = {isa = PBXFileReference; lastKnownFileType = sourcecode.swift; path = LoginState.swift; sourceTree = "<group>"; };
		B5A9BA1929E5726100CB99B1 /* LoginReducer.swift */ = {isa = PBXFileReference; lastKnownFileType = sourcecode.swift; path = LoginReducer.swift; sourceTree = "<group>"; };
		B5A9BA1B29E573AB00CB99B1 /* LoginAction.swift */ = {isa = PBXFileReference; lastKnownFileType = sourcecode.swift; path = LoginAction.swift; sourceTree = "<group>"; };
		B5A9BA2629E578DE00CB99B1 /* BaseController.swift */ = {isa = PBXFileReference; fileEncoding = 4; lastKnownFileType = sourcecode.swift; path = BaseController.swift; sourceTree = "<group>"; };
		B5A9BA2729E578DE00CB99B1 /* CSTextField.swift */ = {isa = PBXFileReference; fileEncoding = 4; lastKnownFileType = sourcecode.swift; path = CSTextField.swift; sourceTree = "<group>"; };
		B5A9BA2829E578DE00CB99B1 /* CSBaseButton.swift */ = {isa = PBXFileReference; fileEncoding = 4; lastKnownFileType = sourcecode.swift; path = CSBaseButton.swift; sourceTree = "<group>"; };
		B5A9BA2929E578DE00CB99B1 /* BaseView.swift */ = {isa = PBXFileReference; fileEncoding = 4; lastKnownFileType = sourcecode.swift; path = BaseView.swift; sourceTree = "<group>"; };
		B5A9BA2F29E578FD00CB99B1 /* Resources.swift */ = {isa = PBXFileReference; fileEncoding = 4; lastKnownFileType = sourcecode.swift; path = Resources.swift; sourceTree = "<group>"; };
		B5A9BA3329E578FD00CB99B1 /* UIColor+Ext.swift */ = {isa = PBXFileReference; fileEncoding = 4; lastKnownFileType = sourcecode.swift; path = "UIColor+Ext.swift"; sourceTree = "<group>"; };
		B5A9BA3429E578FD00CB99B1 /* UIView+Ext.swift */ = {isa = PBXFileReference; fileEncoding = 4; lastKnownFileType = sourcecode.swift; path = "UIView+Ext.swift"; sourceTree = "<group>"; };
		B5A9BA3D29E57EA200CB99B1 /* CSAuthorizationView.swift */ = {isa = PBXFileReference; fileEncoding = 4; lastKnownFileType = sourcecode.swift; path = CSAuthorizationView.swift; sourceTree = "<group>"; };
		B5A9BA3F29E5819300CB99B1 /* NetworkWorker.swift */ = {isa = PBXFileReference; lastKnownFileType = sourcecode.swift; path = NetworkWorker.swift; sourceTree = "<group>"; };
		B5E1CF3A2A1FBF35002243A1 /* AppState.swift */ = {isa = PBXFileReference; lastKnownFileType = sourcecode.swift; path = AppState.swift; sourceTree = "<group>"; };
		B5E1CF3C2A1FBFA8002243A1 /* AppRouter.swift */ = {isa = PBXFileReference; lastKnownFileType = sourcecode.swift; path = AppRouter.swift; sourceTree = "<group>"; };
		B5E1CF3E2A1FC022002243A1 /* RoutingState.swift */ = {isa = PBXFileReference; lastKnownFileType = sourcecode.swift; path = RoutingState.swift; sourceTree = "<group>"; };
		B5E1CF402A1FC337002243A1 /* AppReducer.swift */ = {isa = PBXFileReference; lastKnownFileType = sourcecode.swift; path = AppReducer.swift; sourceTree = "<group>"; };
		B5E1CF422A1FC40F002243A1 /* RoutingReducer.swift */ = {isa = PBXFileReference; lastKnownFileType = sourcecode.swift; path = RoutingReducer.swift; sourceTree = "<group>"; };
		B5E1CF442A1FC45B002243A1 /* RoutingAction.swift */ = {isa = PBXFileReference; lastKnownFileType = sourcecode.swift; path = RoutingAction.swift; sourceTree = "<group>"; };
		B5E1CF4A2A1FF50F002243A1 /* UserInfoViewController.swift */ = {isa = PBXFileReference; lastKnownFileType = sourcecode.swift; path = UserInfoViewController.swift; sourceTree = "<group>"; };
		B5E1CF4C2A1FF5F9002243A1 /* UserInfoState.swift */ = {isa = PBXFileReference; lastKnownFileType = sourcecode.swift; path = UserInfoState.swift; sourceTree = "<group>"; };
		B5E1CF4E2A20989B002243A1 /* UserInfoReducer.swift */ = {isa = PBXFileReference; lastKnownFileType = sourcecode.swift; path = UserInfoReducer.swift; sourceTree = "<group>"; };
		B5E1CF502A20A325002243A1 /* UserInfoAction.swift */ = {isa = PBXFileReference; lastKnownFileType = sourcecode.swift; path = UserInfoAction.swift; sourceTree = "<group>"; };
		DEF68F6848B4AE2BC06BDF05 /* Pods-AuthModule-Redux.release.xcconfig */ = {isa = PBXFileReference; includeInIndex = 1; lastKnownFileType = text.xcconfig; name = "Pods-AuthModule-Redux.release.xcconfig"; path = "Target Support Files/Pods-AuthModule-Redux/Pods-AuthModule-Redux.release.xcconfig"; sourceTree = "<group>"; };
/* End PBXFileReference section */

/* Begin PBXFrameworksBuildPhase section */
		B5A9B9F729E529C300CB99B1 /* Frameworks */ = {
			isa = PBXFrameworksBuildPhase;
			buildActionMask = 2147483647;
			files = (
				1664A01C04514349AEBC1909 /* Pods_AuthModule_Redux.framework in Frameworks */,
			);
			runOnlyForDeploymentPostprocessing = 0;
		};
/* End PBXFrameworksBuildPhase section */

/* Begin PBXGroup section */
		012E1974DDBDED22F73121F3 /* Frameworks */ = {
			isa = PBXGroup;
			children = (
				323110322FD2C9D20159D09B /* Pods_AuthModule_Redux.framework */,
			);
			name = Frameworks;
			sourceTree = "<group>";
		};
		B361D9B1C6C78524A8E9BBE3 /* Pods */ = {
			isa = PBXGroup;
			children = (
				169B2936252DF0198317575D /* Pods-AuthModule-Redux.debug.xcconfig */,
				DEF68F6848B4AE2BC06BDF05 /* Pods-AuthModule-Redux.release.xcconfig */,
			);
			path = Pods;
			sourceTree = "<group>";
		};
		B5A9B9F129E529C300CB99B1 = {
			isa = PBXGroup;
			children = (
				B5A9B9FC29E529C300CB99B1 /* AuthModule-Redux */,
				B5A9B9FB29E529C300CB99B1 /* Products */,
				B361D9B1C6C78524A8E9BBE3 /* Pods */,
				012E1974DDBDED22F73121F3 /* Frameworks */,
			);
			sourceTree = "<group>";
		};
		B5A9B9FB29E529C300CB99B1 /* Products */ = {
			isa = PBXGroup;
			children = (
				B5A9B9FA29E529C300CB99B1 /* AuthModule-Redux.app */,
			);
			name = Products;
			sourceTree = "<group>";
		};
		B5A9B9FC29E529C300CB99B1 /* AuthModule-Redux */ = {
			isa = PBXGroup;
			children = (
				B5E1CF492A1FCB4F002243A1 /* ReduxLayer */,
				B5A9BA2529E578DE00CB99B1 /* AppBaseViews */,
				B5A9BA2E29E578FD00CB99B1 /* Resources */,
				B5A9BA3229E578FD00CB99B1 /* Extensions */,
				B5A9BA3A29E57DDF00CB99B1 /* Controllers */,
				B5A9BA3929E57D7700CB99B1 /* AppLayer */,
			);
			path = "AuthModule-Redux";
			sourceTree = "<group>";
		};
		B5A9BA1129E529ED00CB99B1 /* Middleware */ = {
			isa = PBXGroup;
			children = (
				B5A9BA3F29E5819300CB99B1 /* NetworkWorker.swift */,
			);
			path = Middleware;
			sourceTree = "<group>";
		};
		B5A9BA2529E578DE00CB99B1 /* AppBaseViews */ = {
			isa = PBXGroup;
			children = (
				B5A9BA2629E578DE00CB99B1 /* BaseController.swift */,
				B5A9BA2729E578DE00CB99B1 /* CSTextField.swift */,
				B5A9BA2829E578DE00CB99B1 /* CSBaseButton.swift */,
				B5A9BA2929E578DE00CB99B1 /* BaseView.swift */,
			);
			path = AppBaseViews;
			sourceTree = SOURCE_ROOT;
		};
		B5A9BA2E29E578FD00CB99B1 /* Resources */ = {
			isa = PBXGroup;
			children = (
				B5A9BA2F29E578FD00CB99B1 /* Resources.swift */,
			);
			path = Resources;
			sourceTree = SOURCE_ROOT;
		};
		B5A9BA3229E578FD00CB99B1 /* Extensions */ = {
			isa = PBXGroup;
			children = (
				B5A9BA3329E578FD00CB99B1 /* UIColor+Ext.swift */,
				B5A9BA3429E578FD00CB99B1 /* UIView+Ext.swift */,
			);
			path = Extensions;
			sourceTree = SOURCE_ROOT;
		};
		B5A9BA3929E57D7700CB99B1 /* AppLayer */ = {
			isa = PBXGroup;
			children = (
				B5A9B9FD29E529C300CB99B1 /* AppDelegate.swift */,
				B5A9B9FF29E529C300CB99B1 /* SceneDelegate.swift */,
				B5A9BA0329E529C300CB99B1 /* Main.storyboard */,
				B5A9BA0629E529C800CB99B1 /* Assets.xcassets */,
				B5A9BA0829E529C800CB99B1 /* LaunchScreen.storyboard */,
				B5A9BA0B29E529C800CB99B1 /* Info.plist */,
			);
			path = AppLayer;
			sourceTree = "<group>";
		};
		B5A9BA3A29E57DDF00CB99B1 /* Controllers */ = {
			isa = PBXGroup;
			children = (
				B5A9BA3B29E57E8700CB99B1 /* Login */,
			);
			path = Controllers;
			sourceTree = "<group>";
		};
		B5A9BA3B29E57E8700CB99B1 /* Login */ = {
			isa = PBXGroup;
			children = (
				B5A9BA3C29E57EA200CB99B1 /* ViewComponents */,
				B5A9BA1129E529ED00CB99B1 /* Middleware */,
				B5A9BA4129E5878100CB99B1 /* Controller */,
			);
			path = Login;
			sourceTree = "<group>";
		};
		B5A9BA3C29E57EA200CB99B1 /* ViewComponents */ = {
			isa = PBXGroup;
			children = (
				B5A9BA3D29E57EA200CB99B1 /* CSAuthorizationView.swift */,
			);
			path = ViewComponents;
			sourceTree = "<group>";
		};
		B5A9BA4129E5878100CB99B1 /* Controller */ = {
			isa = PBXGroup;
			children = (
				B5A9BA0129E529C300CB99B1 /* LoginViewController.swift */,
				B5E1CF4A2A1FF50F002243A1 /* UserInfoViewController.swift */,
			);
			path = Controller;
			sourceTree = "<group>";
		};
		B5E1CF392A1FBF1F002243A1 /* States */ = {
			isa = PBXGroup;
			children = (
				B5A9BA1529E541B500CB99B1 /* LoginState.swift */,
				B5E1CF3A2A1FBF35002243A1 /* AppState.swift */,
				B5E1CF3E2A1FC022002243A1 /* RoutingState.swift */,
				B5E1CF4C2A1FF5F9002243A1 /* UserInfoState.swift */,
			);
			path = States;
			sourceTree = "<group>";
		};
		B5E1CF462A1FC65F002243A1 /* Routers */ = {
			isa = PBXGroup;
			children = (
				B5E1CF3C2A1FBFA8002243A1 /* AppRouter.swift */,
			);
			path = Routers;
			sourceTree = "<group>";
		};
		B5E1CF472A1FC6FA002243A1 /* Actions */ = {
			isa = PBXGroup;
			children = (
				B5E1CF442A1FC45B002243A1 /* RoutingAction.swift */,
				B5A9BA1B29E573AB00CB99B1 /* LoginAction.swift */,
				B5E1CF502A20A325002243A1 /* UserInfoAction.swift */,
			);
			path = Actions;
			sourceTree = "<group>";
		};
		B5E1CF482A1FC719002243A1 /* Reducers */ = {
			isa = PBXGroup;
			children = (
				B5E1CF422A1FC40F002243A1 /* RoutingReducer.swift */,
				B5A9BA1929E5726100CB99B1 /* LoginReducer.swift */,
				B5E1CF402A1FC337002243A1 /* AppReducer.swift */,
				B5E1CF4E2A20989B002243A1 /* UserInfoReducer.swift */,
			);
			path = Reducers;
			sourceTree = "<group>";
		};
		B5E1CF492A1FCB4F002243A1 /* ReduxLayer */ = {
			isa = PBXGroup;
			children = (
				B5E1CF482A1FC719002243A1 /* Reducers */,
				B5E1CF472A1FC6FA002243A1 /* Actions */,
				B5E1CF462A1FC65F002243A1 /* Routers */,
				B5E1CF392A1FBF1F002243A1 /* States */,
			);
			path = ReduxLayer;
			sourceTree = "<group>";
		};
/* End PBXGroup section */

/* Begin PBXNativeTarget section */
		B5A9B9F929E529C300CB99B1 /* AuthModule-Redux */ = {
			isa = PBXNativeTarget;
			buildConfigurationList = B5A9BA0E29E529C800CB99B1 /* Build configuration list for PBXNativeTarget "AuthModule-Redux" */;
			buildPhases = (
				659969F4FE0D0C2E2B341590 /* [CP] Check Pods Manifest.lock */,
				B5A9B9F629E529C300CB99B1 /* Sources */,
				B5A9B9F729E529C300CB99B1 /* Frameworks */,
				B5A9B9F829E529C300CB99B1 /* Resources */,
				0DA8297F4E7B86162641BB14 /* [CP] Embed Pods Frameworks */,
			);
			buildRules = (
			);
			dependencies = (
			);
			name = "AuthModule-Redux";
			productName = "AuthModule-Redux";
			productReference = B5A9B9FA29E529C300CB99B1 /* AuthModule-Redux.app */;
			productType = "com.apple.product-type.application";
		};
/* End PBXNativeTarget section */

/* Begin PBXProject section */
		B5A9B9F229E529C300CB99B1 /* Project object */ = {
			isa = PBXProject;
			attributes = {
				BuildIndependentTargetsInParallel = 1;
				LastSwiftUpdateCheck = 1420;
				LastUpgradeCheck = 1420;
				TargetAttributes = {
					B5A9B9F929E529C300CB99B1 = {
						CreatedOnToolsVersion = 14.2;
					};
				};
			};
			buildConfigurationList = B5A9B9F529E529C300CB99B1 /* Build configuration list for PBXProject "AuthModule-Redux" */;
			compatibilityVersion = "Xcode 14.0";
			developmentRegion = en;
			hasScannedForEncodings = 0;
			knownRegions = (
				en,
				Base,
			);
			mainGroup = B5A9B9F129E529C300CB99B1;
			productRefGroup = B5A9B9FB29E529C300CB99B1 /* Products */;
			projectDirPath = "";
			projectRoot = "";
			targets = (
				B5A9B9F929E529C300CB99B1 /* AuthModule-Redux */,
			);
		};
/* End PBXProject section */

/* Begin PBXResourcesBuildPhase section */
		B5A9B9F829E529C300CB99B1 /* Resources */ = {
			isa = PBXResourcesBuildPhase;
			buildActionMask = 2147483647;
			files = (
				B5A9BA0A29E529C800CB99B1 /* LaunchScreen.storyboard in Resources */,
				B5A9BA0729E529C800CB99B1 /* Assets.xcassets in Resources */,
				B5A9BA0529E529C300CB99B1 /* Main.storyboard in Resources */,
			);
			runOnlyForDeploymentPostprocessing = 0;
		};
/* End PBXResourcesBuildPhase section */

/* Begin PBXShellScriptBuildPhase section */
		0DA8297F4E7B86162641BB14 /* [CP] Embed Pods Frameworks */ = {
			isa = PBXShellScriptBuildPhase;
			buildActionMask = 2147483647;
			files = (
			);
			inputFileListPaths = (
				"${PODS_ROOT}/Target Support Files/Pods-AuthModule-Redux/Pods-AuthModule-Redux-frameworks-${CONFIGURATION}-input-files.xcfilelist",
			);
			name = "[CP] Embed Pods Frameworks";
			outputFileListPaths = (
				"${PODS_ROOT}/Target Support Files/Pods-AuthModule-Redux/Pods-AuthModule-Redux-frameworks-${CONFIGURATION}-output-files.xcfilelist",
			);
			runOnlyForDeploymentPostprocessing = 0;
			shellPath = /bin/sh;
			shellScript = "\"${PODS_ROOT}/Target Support Files/Pods-AuthModule-Redux/Pods-AuthModule-Redux-frameworks.sh\"\n";
			showEnvVarsInLog = 0;
		};
		659969F4FE0D0C2E2B341590 /* [CP] Check Pods Manifest.lock */ = {
			isa = PBXShellScriptBuildPhase;
			buildActionMask = 2147483647;
			files = (
			);
			inputFileListPaths = (
			);
			inputPaths = (
				"${PODS_PODFILE_DIR_PATH}/Podfile.lock",
				"${PODS_ROOT}/Manifest.lock",
			);
			name = "[CP] Check Pods Manifest.lock";
			outputFileListPaths = (
			);
			outputPaths = (
				"$(DERIVED_FILE_DIR)/Pods-AuthModule-Redux-checkManifestLockResult.txt",
			);
			runOnlyForDeploymentPostprocessing = 0;
			shellPath = /bin/sh;
			shellScript = "diff \"${PODS_PODFILE_DIR_PATH}/Podfile.lock\" \"${PODS_ROOT}/Manifest.lock\" > /dev/null\nif [ $? != 0 ] ; then\n    # print error to STDERR\n    echo \"error: The sandbox is not in sync with the Podfile.lock. Run 'pod install' or update your CocoaPods installation.\" >&2\n    exit 1\nfi\n# This output is used by Xcode 'outputs' to avoid re-running this script phase.\necho \"SUCCESS\" > \"${SCRIPT_OUTPUT_FILE_0}\"\n";
			showEnvVarsInLog = 0;
		};
/* End PBXShellScriptBuildPhase section */

/* Begin PBXSourcesBuildPhase section */
		B5A9B9F629E529C300CB99B1 /* Sources */ = {
			isa = PBXSourcesBuildPhase;
			buildActionMask = 2147483647;
			files = (
				B5E1CF3F2A1FC022002243A1 /* RoutingState.swift in Sources */,
				B5A9BA0229E529C300CB99B1 /* LoginViewController.swift in Sources */,
				B5A9BA1629E541B500CB99B1 /* LoginState.swift in Sources */,
				B5A9BA2A29E578DE00CB99B1 /* BaseController.swift in Sources */,
				B5A9BA2B29E578DE00CB99B1 /* CSTextField.swift in Sources */,
				B5E1CF4B2A1FF50F002243A1 /* UserInfoViewController.swift in Sources */,
				B5E1CF512A20A325002243A1 /* UserInfoAction.swift in Sources */,
				B5A9BA3829E578FD00CB99B1 /* UIView+Ext.swift in Sources */,
				B5A9BA2C29E578DE00CB99B1 /* CSBaseButton.swift in Sources */,
				B5A9B9FE29E529C300CB99B1 /* AppDelegate.swift in Sources */,
				B5E1CF452A1FC45B002243A1 /* RoutingAction.swift in Sources */,
				B5A9BA3729E578FD00CB99B1 /* UIColor+Ext.swift in Sources */,
				B5E1CF432A1FC40F002243A1 /* RoutingReducer.swift in Sources */,
				B5E1CF4D2A1FF5F9002243A1 /* UserInfoState.swift in Sources */,
				B5E1CF4F2A20989B002243A1 /* UserInfoReducer.swift in Sources */,
				B5A9BA4029E5819300CB99B1 /* NetworkWorker.swift in Sources */,
				B5A9BA0029E529C300CB99B1 /* SceneDelegate.swift in Sources */,
				B5A9BA2D29E578DE00CB99B1 /* BaseView.swift in Sources */,
				B5E1CF3B2A1FBF35002243A1 /* AppState.swift in Sources */,
				B5A9BA3529E578FD00CB99B1 /* Resources.swift in Sources */,
				B5A9BA1A29E5726100CB99B1 /* LoginReducer.swift in Sources */,
				B5A9BA1C29E573AB00CB99B1 /* LoginAction.swift in Sources */,
				B5E1CF3D2A1FBFA8002243A1 /* AppRouter.swift in Sources */,
				B5E1CF412A1FC337002243A1 /* AppReducer.swift in Sources */,
				B5A9BA3E29E57EA200CB99B1 /* CSAuthorizationView.swift in Sources */,
			);
			runOnlyForDeploymentPostprocessing = 0;
		};
/* End PBXSourcesBuildPhase section */

/* Begin PBXVariantGroup section */
		B5A9BA0329E529C300CB99B1 /* Main.storyboard */ = {
			isa = PBXVariantGroup;
			children = (
				B5A9BA0429E529C300CB99B1 /* Base */,
			);
			name = Main.storyboard;
			sourceTree = "<group>";
		};
		B5A9BA0829E529C800CB99B1 /* LaunchScreen.storyboard */ = {
			isa = PBXVariantGroup;
			children = (
				B5A9BA0929E529C800CB99B1 /* Base */,
			);
			name = LaunchScreen.storyboard;
			sourceTree = "<group>";
		};
/* End PBXVariantGroup section */

/* Begin XCBuildConfiguration section */
		B5A9BA0C29E529C800CB99B1 /* Debug */ = {
			isa = XCBuildConfiguration;
			buildSettings = {
				ALWAYS_SEARCH_USER_PATHS = NO;
				CLANG_ANALYZER_NONNULL = YES;
				CLANG_ANALYZER_NUMBER_OBJECT_CONVERSION = YES_AGGRESSIVE;
				CLANG_CXX_LANGUAGE_STANDARD = "gnu++20";
				CLANG_ENABLE_MODULES = YES;
				CLANG_ENABLE_OBJC_ARC = YES;
				CLANG_ENABLE_OBJC_WEAK = YES;
				CLANG_WARN_BLOCK_CAPTURE_AUTORELEASING = YES;
				CLANG_WARN_BOOL_CONVERSION = YES;
				CLANG_WARN_COMMA = YES;
				CLANG_WARN_CONSTANT_CONVERSION = YES;
				CLANG_WARN_DEPRECATED_OBJC_IMPLEMENTATIONS = YES;
				CLANG_WARN_DIRECT_OBJC_ISA_USAGE = YES_ERROR;
				CLANG_WARN_DOCUMENTATION_COMMENTS = YES;
				CLANG_WARN_EMPTY_BODY = YES;
				CLANG_WARN_ENUM_CONVERSION = YES;
				CLANG_WARN_INFINITE_RECURSION = YES;
				CLANG_WARN_INT_CONVERSION = YES;
				CLANG_WARN_NON_LITERAL_NULL_CONVERSION = YES;
				CLANG_WARN_OBJC_IMPLICIT_RETAIN_SELF = YES;
				CLANG_WARN_OBJC_LITERAL_CONVERSION = YES;
				CLANG_WARN_OBJC_ROOT_CLASS = YES_ERROR;
				CLANG_WARN_QUOTED_INCLUDE_IN_FRAMEWORK_HEADER = YES;
				CLANG_WARN_RANGE_LOOP_ANALYSIS = YES;
				CLANG_WARN_STRICT_PROTOTYPES = YES;
				CLANG_WARN_SUSPICIOUS_MOVE = YES;
				CLANG_WARN_UNGUARDED_AVAILABILITY = YES_AGGRESSIVE;
				CLANG_WARN_UNREACHABLE_CODE = YES;
				CLANG_WARN__DUPLICATE_METHOD_MATCH = YES;
				COPY_PHASE_STRIP = NO;
				DEBUG_INFORMATION_FORMAT = dwarf;
				ENABLE_STRICT_OBJC_MSGSEND = YES;
				ENABLE_TESTABILITY = YES;
				GCC_C_LANGUAGE_STANDARD = gnu11;
				GCC_DYNAMIC_NO_PIC = NO;
				GCC_NO_COMMON_BLOCKS = YES;
				GCC_OPTIMIZATION_LEVEL = 0;
				GCC_PREPROCESSOR_DEFINITIONS = (
					"DEBUG=1",
					"$(inherited)",
				);
				GCC_WARN_64_TO_32_BIT_CONVERSION = YES;
				GCC_WARN_ABOUT_RETURN_TYPE = YES_ERROR;
				GCC_WARN_UNDECLARED_SELECTOR = YES;
				GCC_WARN_UNINITIALIZED_AUTOS = YES_AGGRESSIVE;
				GCC_WARN_UNUSED_FUNCTION = YES;
				GCC_WARN_UNUSED_VARIABLE = YES;
				IPHONEOS_DEPLOYMENT_TARGET = 16.2;
				MTL_ENABLE_DEBUG_INFO = INCLUDE_SOURCE;
				MTL_FAST_MATH = YES;
				ONLY_ACTIVE_ARCH = YES;
				SDKROOT = iphoneos;
				SWIFT_ACTIVE_COMPILATION_CONDITIONS = DEBUG;
				SWIFT_OPTIMIZATION_LEVEL = "-Onone";
			};
			name = Debug;
		};
		B5A9BA0D29E529C800CB99B1 /* Release */ = {
			isa = XCBuildConfiguration;
			buildSettings = {
				ALWAYS_SEARCH_USER_PATHS = NO;
				CLANG_ANALYZER_NONNULL = YES;
				CLANG_ANALYZER_NUMBER_OBJECT_CONVERSION = YES_AGGRESSIVE;
				CLANG_CXX_LANGUAGE_STANDARD = "gnu++20";
				CLANG_ENABLE_MODULES = YES;
				CLANG_ENABLE_OBJC_ARC = YES;
				CLANG_ENABLE_OBJC_WEAK = YES;
				CLANG_WARN_BLOCK_CAPTURE_AUTORELEASING = YES;
				CLANG_WARN_BOOL_CONVERSION = YES;
				CLANG_WARN_COMMA = YES;
				CLANG_WARN_CONSTANT_CONVERSION = YES;
				CLANG_WARN_DEPRECATED_OBJC_IMPLEMENTATIONS = YES;
				CLANG_WARN_DIRECT_OBJC_ISA_USAGE = YES_ERROR;
				CLANG_WARN_DOCUMENTATION_COMMENTS = YES;
				CLANG_WARN_EMPTY_BODY = YES;
				CLANG_WARN_ENUM_CONVERSION = YES;
				CLANG_WARN_INFINITE_RECURSION = YES;
				CLANG_WARN_INT_CONVERSION = YES;
				CLANG_WARN_NON_LITERAL_NULL_CONVERSION = YES;
				CLANG_WARN_OBJC_IMPLICIT_RETAIN_SELF = YES;
				CLANG_WARN_OBJC_LITERAL_CONVERSION = YES;
				CLANG_WARN_OBJC_ROOT_CLASS = YES_ERROR;
				CLANG_WARN_QUOTED_INCLUDE_IN_FRAMEWORK_HEADER = YES;
				CLANG_WARN_RANGE_LOOP_ANALYSIS = YES;
				CLANG_WARN_STRICT_PROTOTYPES = YES;
				CLANG_WARN_SUSPICIOUS_MOVE = YES;
				CLANG_WARN_UNGUARDED_AVAILABILITY = YES_AGGRESSIVE;
				CLANG_WARN_UNREACHABLE_CODE = YES;
				CLANG_WARN__DUPLICATE_METHOD_MATCH = YES;
				COPY_PHASE_STRIP = NO;
				DEBUG_INFORMATION_FORMAT = "dwarf-with-dsym";
				ENABLE_NS_ASSERTIONS = NO;
				ENABLE_STRICT_OBJC_MSGSEND = YES;
				GCC_C_LANGUAGE_STANDARD = gnu11;
				GCC_NO_COMMON_BLOCKS = YES;
				GCC_WARN_64_TO_32_BIT_CONVERSION = YES;
				GCC_WARN_ABOUT_RETURN_TYPE = YES_ERROR;
				GCC_WARN_UNDECLARED_SELECTOR = YES;
				GCC_WARN_UNINITIALIZED_AUTOS = YES_AGGRESSIVE;
				GCC_WARN_UNUSED_FUNCTION = YES;
				GCC_WARN_UNUSED_VARIABLE = YES;
				IPHONEOS_DEPLOYMENT_TARGET = 16.2;
				MTL_ENABLE_DEBUG_INFO = NO;
				MTL_FAST_MATH = YES;
				SDKROOT = iphoneos;
				SWIFT_COMPILATION_MODE = wholemodule;
				SWIFT_OPTIMIZATION_LEVEL = "-O";
				VALIDATE_PRODUCT = YES;
			};
			name = Release;
		};
		B5A9BA0F29E529C800CB99B1 /* Debug */ = {
			isa = XCBuildConfiguration;
			baseConfigurationReference = 169B2936252DF0198317575D /* Pods-AuthModule-Redux.debug.xcconfig */;
			buildSettings = {
				ASSETCATALOG_COMPILER_APPICON_NAME = AppIcon;
				ASSETCATALOG_COMPILER_GLOBAL_ACCENT_COLOR_NAME = AccentColor;
				CODE_SIGN_STYLE = Manual;
				CURRENT_PROJECT_VERSION = 1;
				DEVELOPMENT_TEAM = "";
				GENERATE_INFOPLIST_FILE = YES;
				INFOPLIST_FILE = "AuthModule-Redux/AppLayer/Info.plist";
				INFOPLIST_KEY_UIApplicationSupportsIndirectInputEvents = YES;
				INFOPLIST_KEY_UILaunchStoryboardName = LaunchScreen;
				INFOPLIST_KEY_UIMainStoryboardFile = "";
				INFOPLIST_KEY_UISupportedInterfaceOrientations = UIInterfaceOrientationPortrait;
				INFOPLIST_KEY_UISupportedInterfaceOrientations_iPad = "UIInterfaceOrientationLandscapeLeft UIInterfaceOrientationLandscapeRight UIInterfaceOrientationPortrait UIInterfaceOrientationPortraitUpsideDown";
				IPHONEOS_DEPLOYMENT_TARGET = 16.4;
				LD_RUNPATH_SEARCH_PATHS = (
					"$(inherited)",
					"@executable_path/Frameworks",
				);
				MARKETING_VERSION = 1.0;
				PRODUCT_BUNDLE_IDENTIFIER = "com.romanb.AuthModule-Redux";
				PRODUCT_NAME = "$(TARGET_NAME)";
				PROVISIONING_PROFILE_SPECIFIER = "";
				SUPPORTED_PLATFORMS = "iphoneos iphonesimulator";
				SUPPORTS_MACCATALYST = NO;
				SUPPORTS_MAC_DESIGNED_FOR_IPHONE_IPAD = NO;
				SWIFT_EMIT_LOC_STRINGS = YES;
				SWIFT_VERSION = 5.0;
				TARGETED_DEVICE_FAMILY = 1;
			};
			name = Debug;
		};
		B5A9BA1029E529C800CB99B1 /* Release */ = {
			isa = XCBuildConfiguration;
			baseConfigurationReference = DEF68F6848B4AE2BC06BDF05 /* Pods-AuthModule-Redux.release.xcconfig */;
			buildSettings = {
				ASSETCATALOG_COMPILER_APPICON_NAME = AppIcon;
				ASSETCATALOG_COMPILER_GLOBAL_ACCENT_COLOR_NAME = AccentColor;
				CODE_SIGN_STYLE = Manual;
				CURRENT_PROJECT_VERSION = 1;
				DEVELOPMENT_TEAM = "";
				GENERATE_INFOPLIST_FILE = YES;
				INFOPLIST_FILE = "AuthModule-Redux/AppLayer/Info.plist";
				INFOPLIST_KEY_UIApplicationSupportsIndirectInputEvents = YES;
				INFOPLIST_KEY_UILaunchStoryboardName = LaunchScreen;
				INFOPLIST_KEY_UIMainStoryboardFile = "";
				INFOPLIST_KEY_UISupportedInterfaceOrientations = UIInterfaceOrientationPortrait;
				INFOPLIST_KEY_UISupportedInterfaceOrientations_iPad = "UIInterfaceOrientationLandscapeLeft UIInterfaceOrientationLandscapeRight UIInterfaceOrientationPortrait UIInterfaceOrientationPortraitUpsideDown";
				IPHONEOS_DEPLOYMENT_TARGET = 16.4;
				LD_RUNPATH_SEARCH_PATHS = (
					"$(inherited)",
					"@executable_path/Frameworks",
				);
				MARKETING_VERSION = 1.0;
				PRODUCT_BUNDLE_IDENTIFIER = "com.romanb.AuthModule-Redux";
				PRODUCT_NAME = "$(TARGET_NAME)";
				PROVISIONING_PROFILE_SPECIFIER = "";
				SUPPORTED_PLATFORMS = "iphoneos iphonesimulator";
				SUPPORTS_MACCATALYST = NO;
				SUPPORTS_MAC_DESIGNED_FOR_IPHONE_IPAD = NO;
				SWIFT_EMIT_LOC_STRINGS = YES;
				SWIFT_VERSION = 5.0;
				TARGETED_DEVICE_FAMILY = 1;
			};
			name = Release;
		};
/* End XCBuildConfiguration section */

/* Begin XCConfigurationList section */
		B5A9B9F529E529C300CB99B1 /* Build configuration list for PBXProject "AuthModule-Redux" */ = {
			isa = XCConfigurationList;
			buildConfigurations = (
				B5A9BA0C29E529C800CB99B1 /* Debug */,
				B5A9BA0D29E529C800CB99B1 /* Release */,
			);
			defaultConfigurationIsVisible = 0;
			defaultConfigurationName = Release;
		};
		B5A9BA0E29E529C800CB99B1 /* Build configuration list for PBXNativeTarget "AuthModule-Redux" */ = {
			isa = XCConfigurationList;
			buildConfigurations = (
				B5A9BA0F29E529C800CB99B1 /* Debug */,
				B5A9BA1029E529C800CB99B1 /* Release */,
			);
			defaultConfigurationIsVisible = 0;
			defaultConfigurationName = Release;
		};
/* End XCConfigurationList section */
	};
	rootObject = B5A9B9F229E529C300CB99B1 /* Project object */;
}
